github.com/cjatcq/new_test v1.1.0 h1:l0q7mdTo+ZMpLEmv/2AXUfSDiJpDIU68gRK7wbIkcSM=
github.com/cjatcq/new_test v1.1.0/go.mod h1:PNXaTXo4yPHUOWpXSsYItlBeEHOd4Eyq4XSrG3WJi2g=
github.com/cjatcq/new_test v1.1.3 h1:tqpdyGi05Gnp92ZSf7lnyHUT3Uk3yuMO5zmZsYxjTXM=
github.com/cjatcq/new_test v1.1.3/go.mod h1:PNXaTXo4yPHUOWpXSsYItlBeEHOd4Eyq4XSrG3WJi2g=
